
Microsoft Visual Studio Solution File, Format Version 12.00
# Visual Studio 15
VisualStudioVersion = 15.0.27703.2026
MinimumVisualStudioVersion = 10.0.40219.1
Project("{FAE04EC0-301F-11D3-BF4B-00C04F79EFBC}") = "StandarXamarin.Android", "StandarXamarin\StandarXamarin.Android\StandarXamarin.Android.csproj", "{DE175853-A4AD-43CA-83A1-6942D74B62E3}"
EndProject
Project("{FAE04EC0-301F-11D3-BF4B-00C04F79EFBC}") = "StandarXamarin.iOS", "StandarXamarin\StandarXamarin.iOS\StandarXamarin.iOS.csproj", "{4AE056E2-136A-46DB-B967-E4E7240D032A}"
EndProject
Project("{FAE04EC0-301F-11D3-BF4B-00C04F79EFBC}") = "StandarXamarin", "StandarXamarin\StandarXamarin\StandarXamarin.csproj", "{5ABBE36B-4F89-4881-B6B1-CF5472D503B9}"
EndProject
Global
	GlobalSection(SolutionConfigurationPlatforms) = preSolution
		Ad-Hoc|Any CPU = Ad-Hoc|Any CPU
		Ad-Hoc|iPhone = Ad-Hoc|iPhone
		Ad-Hoc|iPhoneSimulator = Ad-Hoc|iPhoneSimulator
		AppStore|Any CPU = AppStore|Any CPU
		AppStore|iPhone = AppStore|iPhone
		AppStore|iPhoneSimulator = AppStore|iPhoneSimulator
		Debug|Any CPU = Debug|Any CPU
		Debug|iPhone = Debug|iPhone
		Debug|iPhoneSimulator = Debug|iPhoneSimulator
		Release|Any CPU = Release|Any CPU
		Release|iPhone = Release|iPhone
		Release|iPhoneSimulator = Release|iPhoneSimulator
	EndGlobalSection
	GlobalSection(ProjectConfigurationPlatforms) = postSolution
		{DE175853-A4AD-43CA-83A1-6942D74B62E3}.Ad-Hoc|Any CPU.ActiveCfg = Release|Any CPU
		{DE175853-A4AD-43CA-83A1-6942D74B62E3}.Ad-Hoc|Any CPU.Build.0 = Release|Any CPU
		{DE175853-A4AD-43CA-83A1-6942D74B62E3}.Ad-Hoc|Any CPU.Deploy.0 = Release|Any CPU
		{DE175853-A4AD-43CA-83A1-6942D74B62E3}.Ad-Hoc|iPhone.ActiveCfg = Release|Any CPU
		{DE175853-A4AD-43CA-83A1-6942D74B62E3}.Ad-Hoc|iPhone.Build.0 = Release|Any CPU
		{DE175853-A4AD-43CA-83A1-6942D74B62E3}.Ad-Hoc|iPhone.Deploy.0 = Release|Any CPU
		{DE175853-A4AD-43CA-83A1-6942D74B62E3}.Ad-Hoc|iPhoneSimulator.ActiveCfg = Release|Any CPU
		{DE175853-A4AD-43CA-83A1-6942D74B62E3}.Ad-Hoc|iPhoneSimulator.Build.0 = Release|Any CPU
		{DE175853-A4AD-43CA-83A1-6942D74B62E3}.Ad-Hoc|iPhoneSimulator.Deploy.0 = Release|Any CPU
		{DE175853-A4AD-43CA-83A1-6942D74B62E3}.AppStore|Any CPU.ActiveCfg = Release|Any CPU
		{DE175853-A4AD-43CA-83A1-6942D74B62E3}.AppStore|Any CPU.Build.0 = Release|Any CPU
		{DE175853-A4AD-43CA-83A1-6942D74B62E3}.AppStore|Any CPU.Deploy.0 = Release|Any CPU
		{DE175853-A4AD-43CA-83A1-6942D74B62E3}.AppStore|iPhone.ActiveCfg = Release|Any CPU
		{DE175853-A4AD-43CA-83A1-6942D74B62E3}.AppStore|iPhone.Build.0 = Release|Any CPU
		{DE175853-A4AD-43CA-83A1-6942D74B62E3}.AppStore|iPhone.Deploy.0 = Release|Any CPU
		{DE175853-A4AD-43CA-83A1-6942D74B62E3}.AppStore|iPhoneSimulator.ActiveCfg = Release|Any CPU
		{DE175853-A4AD-43CA-83A1-6942D74B62E3}.AppStore|iPhoneSimulator.Build.0 = Release|Any CPU
		{DE175853-A4AD-43CA-83A1-6942D74B62E3}.AppStore|iPhoneSimulator.Deploy.0 = Release|Any CPU
		{DE175853-A4AD-43CA-83A1-6942D74B62E3}.Debug|Any CPU.ActiveCfg = Debug|Any CPU
		{DE175853-A4AD-43CA-83A1-6942D74B62E3}.Debug|Any CPU.Build.0 = Debug|Any CPU
		{DE175853-A4AD-43CA-83A1-6942D74B62E3}.Debug|Any CPU.Deploy.0 = Debug|Any CPU
		{DE175853-A4AD-43CA-83A1-6942D74B62E3}.Debug|iPhone.ActiveCfg = Debug|Any CPU
		{DE175853-A4AD-43CA-83A1-6942D74B62E3}.Debug|iPhone.Build.0 = Debug|Any CPU
		{DE175853-A4AD-43CA-83A1-6942D74B62E3}.Debug|iPhone.Deploy.0 = Debug|Any CPU
		{DE175853-A4AD-43CA-83A1-6942D74B62E3}.Debug|iPhoneSimulator.ActiveCfg = Debug|Any CPU
		{DE175853-A4AD-43CA-83A1-6942D74B62E3}.Debug|iPhoneSimulator.Build.0 = Debug|Any CPU
		{DE175853-A4AD-43CA-83A1-6942D74B62E3}.Debug|iPhoneSimulator.Deploy.0 = Debug|Any CPU
		{DE175853-A4AD-43CA-83A1-6942D74B62E3}.Release|Any CPU.ActiveCfg = Release|Any CPU
		{DE175853-A4AD-43CA-83A1-6942D74B62E3}.Release|Any CPU.Build.0 = Release|Any CPU
		{DE175853-A4AD-43CA-83A1-6942D74B62E3}.Release|Any CPU.Deploy.0 = Release|Any CPU
		{DE175853-A4AD-43CA-83A1-6942D74B62E3}.Release|iPhone.ActiveCfg = Release|Any CPU
		{DE175853-A4AD-43CA-83A1-6942D74B62E3}.Release|iPhone.Build.0 = Release|Any CPU
		{DE175853-A4AD-43CA-83A1-6942D74B62E3}.Release|iPhone.Deploy.0 = Release|Any CPU
		{DE175853-A4AD-43CA-83A1-6942D74B62E3}.Release|iPhoneSimulator.ActiveCfg = Release|Any CPU
		{DE175853-A4AD-43CA-83A1-6942D74B62E3}.Release|iPhoneSimulator.Build.0 = Release|Any CPU
		{DE175853-A4AD-43CA-83A1-6942D74B62E3}.Release|iPhoneSimulator.Deploy.0 = Release|Any CPU
		{4AE056E2-136A-46DB-B967-E4E7240D032A}.Ad-Hoc|Any CPU.ActiveCfg = Ad-Hoc|iPhone
		{4AE056E2-136A-46DB-B967-E4E7240D032A}.Ad-Hoc|Any CPU.Build.0 = Ad-Hoc|iPhone
		{4AE056E2-136A-46DB-B967-E4E7240D032A}.Ad-Hoc|Any CPU.Deploy.0 = Ad-Hoc|iPhone
		{4AE056E2-136A-46DB-B967-E4E7240D032A}.Ad-Hoc|iPhone.ActiveCfg = Ad-Hoc|iPhone
		{4AE056E2-136A-46DB-B967-E4E7240D032A}.Ad-Hoc|iPhone.Build.0 = Ad-Hoc|iPhone
		{4AE056E2-136A-46DB-B967-E4E7240D032A}.Ad-Hoc|iPhone.Deploy.0 = Ad-Hoc|iPhone
		{4AE056E2-136A-46DB-B967-E4E7240D032A}.Ad-Hoc|iPhoneSimulator.ActiveCfg = Ad-Hoc|iPhoneSimulator
		{4AE056E2-136A-46DB-B967-E4E7240D032A}.Ad-Hoc|iPhoneSimulator.Build.0 = Ad-Hoc|iPhoneSimulator
		{4AE056E2-136A-46DB-B967-E4E7240D032A}.Ad-Hoc|iPhoneSimulator.Deploy.0 = Ad-Hoc|iPhoneSimulator
		{4AE056E2-136A-46DB-B967-E4E7240D032A}.AppStore|Any CPU.ActiveCfg = AppStore|iPhone
		{4AE056E2-136A-46DB-B967-E4E7240D032A}.AppStore|Any CPU.Build.0 = AppStore|iPhone
		{4AE056E2-136A-46DB-B967-E4E7240D032A}.AppStore|Any CPU.Deploy.0 = AppStore|iPhone
		{4AE056E2-136A-46DB-B967-E4E7240D032A}.AppStore|iPhone.ActiveCfg = AppStore|iPhone
		{4AE056E2-136A-46DB-B967-E4E7240D032A}.AppStore|iPhone.Build.0 = AppStore|iPhone
		{4AE056E2-136A-46DB-B967-E4E7240D032A}.AppStore|iPhone.Deploy.0 = AppStore|iPhone
		{4AE056E2-136A-46DB-B967-E4E7240D032A}.AppStore|iPhoneSimulator.ActiveCfg = AppStore|iPhoneSimulator
		{4AE056E2-136A-46DB-B967-E4E7240D032A}.AppStore|iPhoneSimulator.Build.0 = AppStore|iPhoneSimulator
		{4AE056E2-136A-46DB-B967-E4E7240D032A}.AppStore|iPhoneSimulator.Deploy.0 = AppStore|iPhoneSimulator
		{4AE056E2-136A-46DB-B967-E4E7240D032A}.Debug|Any CPU.ActiveCfg = Debug|iPhoneSimulator
		{4AE056E2-136A-46DB-B967-E4E7240D032A}.Debug|Any CPU.Build.0 = Debug|iPhoneSimulator
		{4AE056E2-136A-46DB-B967-E4E7240D032A}.Debug|Any CPU.Deploy.0 = Debug|iPhoneSimulator
		{4AE056E2-136A-46DB-B967-E4E7240D032A}.Debug|iPhone.ActiveCfg = Debug|iPhone
		{4AE056E2-136A-46DB-B967-E4E7240D032A}.Debug|iPhone.Build.0 = Debug|iPhone
		{4AE056E2-136A-46DB-B967-E4E7240D032A}.Debug|iPhone.Deploy.0 = Debug|iPhone
		{4AE056E2-136A-46DB-B967-E4E7240D032A}.Debug|iPhoneSimulator.ActiveCfg = Debug|iPhoneSimulator
		{4AE056E2-136A-46DB-B967-E4E7240D032A}.Debug|iPhoneSimulator.Build.0 = Debug|iPhoneSimulator
		{4AE056E2-136A-46DB-B967-E4E7240D032A}.Debug|iPhoneSimulator.Deploy.0 = Debug|iPhoneSimulator
		{4AE056E2-136A-46DB-B967-E4E7240D032A}.Release|Any CPU.ActiveCfg = Release|iPhone
		{4AE056E2-136A-46DB-B967-E4E7240D032A}.Release|Any CPU.Build.0 = Release|iPhone
		{4AE056E2-136A-46DB-B967-E4E7240D032A}.Release|Any CPU.Deploy.0 = Release|iPhone
		{4AE056E2-136A-46DB-B967-E4E7240D032A}.Release|iPhone.ActiveCfg = Release|iPhone
		{4AE056E2-136A-46DB-B967-E4E7240D032A}.Release|iPhone.Build.0 = Release|iPhone
		{4AE056E2-136A-46DB-B967-E4E7240D032A}.Release|iPhone.Deploy.0 = Release|iPhone
		{4AE056E2-136A-46DB-B967-E4E7240D032A}.Release|iPhoneSimulator.ActiveCfg = Release|iPhoneSimulator
		{4AE056E2-136A-46DB-B967-E4E7240D032A}.Release|iPhoneSimulator.Build.0 = Release|iPhoneSimulator
		{4AE056E2-136A-46DB-B967-E4E7240D032A}.Release|iPhoneSimulator.Deploy.0 = Release|iPhoneSimulator
		{5ABBE36B-4F89-4881-B6B1-CF5472D503B9}.Ad-Hoc|Any CPU.ActiveCfg = Debug|Any CPU
		{5ABBE36B-4F89-4881-B6B1-CF5472D503B9}.Ad-Hoc|Any CPU.Build.0 = Debug|Any CPU
		{5ABBE36B-4F89-4881-B6B1-CF5472D503B9}.Ad-Hoc|Any CPU.Deploy.0 = Debug|Any CPU
		{5ABBE36B-4F89-4881-B6B1-CF5472D503B9}.Ad-Hoc|iPhone.ActiveCfg = Debug|Any CPU
		{5ABBE36B-4F89-4881-B6B1-CF5472D503B9}.Ad-Hoc|iPhone.Build.0 = Debug|Any CPU
		{5ABBE36B-4F89-4881-B6B1-CF5472D503B9}.Ad-Hoc|iPhone.Deploy.0 = Debug|Any CPU
		{5ABBE36B-4F89-4881-B6B1-CF5472D503B9}.Ad-Hoc|iPhoneSimulator.ActiveCfg = Debug|Any CPU
		{5ABBE36B-4F89-4881-B6B1-CF5472D503B9}.Ad-Hoc|iPhoneSimulator.Build.0 = Debug|Any CPU
		{5ABBE36B-4F89-4881-B6B1-CF5472D503B9}.Ad-Hoc|iPhoneSimulator.Deploy.0 = Debug|Any CPU
		{5ABBE36B-4F89-4881-B6B1-CF5472D503B9}.AppStore|Any CPU.ActiveCfg = Debug|Any CPU
		{5ABBE36B-4F89-4881-B6B1-CF5472D503B9}.AppStore|Any CPU.Build.0 = Debug|Any CPU
		{5ABBE36B-4F89-4881-B6B1-CF5472D503B9}.AppStore|Any CPU.Deploy.0 = Debug|Any CPU
		{5ABBE36B-4F89-4881-B6B1-CF5472D503B9}.AppStore|iPhone.ActiveCfg = Debug|Any CPU
		{5ABBE36B-4F89-4881-B6B1-CF5472D503B9}.AppStore|iPhone.Build.0 = Debug|Any CPU
		{5ABBE36B-4F89-4881-B6B1-CF5472D503B9}.AppStore|iPhone.Deploy.0 = Debug|Any CPU
		{5ABBE36B-4F89-4881-B6B1-CF5472D503B9}.AppStore|iPhoneSimulator.ActiveCfg = Debug|Any CPU
		{5ABBE36B-4F89-4881-B6B1-CF5472D503B9}.AppStore|iPhoneSimulator.Build.0 = Debug|Any CPU
		{5ABBE36B-4F89-4881-B6B1-CF5472D503B9}.AppStore|iPhoneSimulator.Deploy.0 = Debug|Any CPU
		{5ABBE36B-4F89-4881-B6B1-CF5472D503B9}.Debug|Any CPU.ActiveCfg = Debug|Any CPU
		{5ABBE36B-4F89-4881-B6B1-CF5472D503B9}.Debug|Any CPU.Build.0 = Debug|Any CPU
		{5ABBE36B-4F89-4881-B6B1-CF5472D503B9}.Debug|Any CPU.Deploy.0 = Debug|Any CPU
		{5ABBE36B-4F89-4881-B6B1-CF5472D503B9}.Debug|iPhone.ActiveCfg = Debug|Any CPU
		{5ABBE36B-4F89-4881-B6B1-CF5472D503B9}.Debug|iPhone.Build.0 = Debug|Any CPU
		{5ABBE36B-4F89-4881-B6B1-CF5472D503B9}.Debug|iPhone.Deploy.0 = Debug|Any CPU
		{5ABBE36B-4F89-4881-B6B1-CF5472D503B9}.Debug|iPhoneSimulator.ActiveCfg = Debug|Any CPU
		{5ABBE36B-4F89-4881-B6B1-CF5472D503B9}.Debug|iPhoneSimulator.Build.0 = Debug|Any CPU
		{5ABBE36B-4F89-4881-B6B1-CF5472D503B9}.Debug|iPhoneSimulator.Deploy.0 = Debug|Any CPU
		{5ABBE36B-4F89-4881-B6B1-CF5472D503B9}.Release|Any CPU.ActiveCfg = Release|Any CPU
		{5ABBE36B-4F89-4881-B6B1-CF5472D503B9}.Release|Any CPU.Build.0 = Release|Any CPU
		{5ABBE36B-4F89-4881-B6B1-CF5472D503B9}.Release|Any CPU.Deploy.0 = Release|Any CPU
		{5ABBE36B-4F89-4881-B6B1-CF5472D503B9}.Release|iPhone.ActiveCfg = Release|Any CPU
		{5ABBE36B-4F89-4881-B6B1-CF5472D503B9}.Release|iPhone.Build.0 = Release|Any CPU
		{5ABBE36B-4F89-4881-B6B1-CF5472D503B9}.Release|iPhone.Deploy.0 = Release|Any CPU
		{5ABBE36B-4F89-4881-B6B1-CF5472D503B9}.Release|iPhoneSimulator.ActiveCfg = Release|Any CPU
		{5ABBE36B-4F89-4881-B6B1-CF5472D503B9}.Release|iPhoneSimulator.Build.0 = Release|Any CPU
		{5ABBE36B-4F89-4881-B6B1-CF5472D503B9}.Release|iPhoneSimulator.Deploy.0 = Release|Any CPU
	EndGlobalSection
	GlobalSection(SolutionProperties) = preSolution
		HideSolutionNode = FALSE
	EndGlobalSection
	GlobalSection(ExtensibilityGlobals) = postSolution
		SolutionGuid = {C968786C-369B-40BE-B413-83CD967EECAF}
	EndGlobalSection
EndGlobal
